
Microsoft Visual Studio Solution File, Format Version 11.00
# Visual Studio 2010
Project("{FAE04EC0-301F-11D3-BF4B-00C04F79EFBC}") = "Assembly-CSharp", "Assembly-CSharp.csproj", "{AF0D7018-52EB-E02F-E5D7-63F052865ED1}"
EndProject
Project("{FAE04EC0-301F-11D3-BF4B-00C04F79EFBC}") = "Assembly-CSharp-Editor", "Assembly-CSharp-Editor.csproj", "{0ACF73C4-3470-130E-7424-118755F27FEC}"
EndProject
Global
	GlobalSection(SolutionConfigurationPlatforms) = preSolution
		Debug|Any CPU = Debug|Any CPU
		Release|Any CPU = Release|Any CPU
	EndGlobalSection
	GlobalSection(ProjectConfigurationPlatforms) = postSolution
		{AF0D7018-52EB-E02F-E5D7-63F052865ED1}.Debug|Any CPU.ActiveCfg = Debug|Any CPU
		{AF0D7018-52EB-E02F-E5D7-63F052865ED1}.Debug|Any CPU.Build.0 = Debug|Any CPU
		{AF0D7018-52EB-E02F-E5D7-63F052865ED1}.Release|Any CPU.ActiveCfg = Release|Any CPU
		{AF0D7018-52EB-E02F-E5D7-63F052865ED1}.Release|Any CPU.Build.0 = Release|Any CPU
		{0ACF73C4-3470-130E-7424-118755F27FEC}.Debug|Any CPU.ActiveCfg = Debug|Any CPU
		{0ACF73C4-3470-130E-7424-118755F27FEC}.Debug|Any CPU.Build.0 = Debug|Any CPU
		{0ACF73C4-3470-130E-7424-118755F27FEC}.Release|Any CPU.ActiveCfg = Release|Any CPU
		{0ACF73C4-3470-130E-7424-118755F27FEC}.Release|Any CPU.Build.0 = Release|Any CPU
	EndGlobalSection
	GlobalSection(SolutionProperties) = preSolution
		HideSolutionNode = FALSE
	EndGlobalSection
EndGlobal
