
Microsoft Visual Studio Solution File, Format Version 12.00
# Visual Studio 15
Project("{FAE04EC0-301F-11D3-BF4B-00C04F79EFBC}") = "Assembly-CSharp", "Assembly-CSharp.csproj", "{066C8E48-0224-2664-CEFD-54A21F79B926}"
EndProject
Project("{FAE04EC0-301F-11D3-BF4B-00C04F79EFBC}") = "Assembly-CSharp-Editor", "Assembly-CSharp-Editor.csproj", "{A75BF601-631B-3D20-7250-E4407DA4A14D}"
EndProject
Global
	GlobalSection(SolutionConfigurationPlatforms) = preSolution
		Debug|Any CPU = Debug|Any CPU
		Release|Any CPU = Release|Any CPU
	EndGlobalSection
	GlobalSection(ProjectConfigurationPlatforms) = postSolution
		{066C8E48-0224-2664-CEFD-54A21F79B926}.Debug|Any CPU.ActiveCfg = Debug|Any CPU
		{066C8E48-0224-2664-CEFD-54A21F79B926}.Debug|Any CPU.Build.0 = Debug|Any CPU
		{066C8E48-0224-2664-CEFD-54A21F79B926}.Release|Any CPU.ActiveCfg = Release|Any CPU
		{066C8E48-0224-2664-CEFD-54A21F79B926}.Release|Any CPU.Build.0 = Release|Any CPU
		{A75BF601-631B-3D20-7250-E4407DA4A14D}.Debug|Any CPU.ActiveCfg = Debug|Any CPU
		{A75BF601-631B-3D20-7250-E4407DA4A14D}.Debug|Any CPU.Build.0 = Debug|Any CPU
		{A75BF601-631B-3D20-7250-E4407DA4A14D}.Release|Any CPU.ActiveCfg = Release|Any CPU
		{A75BF601-631B-3D20-7250-E4407DA4A14D}.Release|Any CPU.Build.0 = Release|Any CPU
	EndGlobalSection
	GlobalSection(SolutionProperties) = preSolution
		HideSolutionNode = FALSE
	EndGlobalSection
EndGlobal
